
Microsoft Visual Studio Solution File, Format Version 12.00
Project("{FAE04EC0-301F-11D3-BF4B-00C04F79EFBC}") = "delegates", "delegates\delegates.csproj", "{74BA3059-F434-4CFA-A848-D5A8CB12FE89}"
EndProject
Global
	GlobalSection(SolutionConfigurationPlatforms) = preSolution
		Debug|Any CPU = Debug|Any CPU
		Release|Any CPU = Release|Any CPU
	EndGlobalSection
	GlobalSection(ProjectConfigurationPlatforms) = postSolution
		{74BA3059-F434-4CFA-A848-D5A8CB12FE89}.Debug|Any CPU.ActiveCfg = Debug|Any CPU
		{74BA3059-F434-4CFA-A848-D5A8CB12FE89}.Debug|Any CPU.Build.0 = Debug|Any CPU
		{74BA3059-F434-4CFA-A848-D5A8CB12FE89}.Release|Any CPU.ActiveCfg = Release|Any CPU
		{74BA3059-F434-4CFA-A848-D5A8CB12FE89}.Release|Any CPU.Build.0 = Release|Any CPU
	EndGlobalSection
EndGlobal
